
Microsoft Visual Studio Solution File, Format Version 12.00
# Visual Studio Version 16
VisualStudioVersion = 16.0.30225.117
MinimumVisualStudioVersion = 10.0.40219.1
Project("{FAE04EC0-301F-11D3-BF4B-00C04F79EFBC}") = "ApplicationLoginWebApi", "ApplicationLoginWebApi\ApplicationLoginWebApi.csproj", "{2F33D421-80CB-4641-B7A9-C5BB35C8B0D2}"
EndProject
Global
	GlobalSection(SolutionConfigurationPlatforms) = preSolution
		Debug|Any CPU = Debug|Any CPU
		Release|Any CPU = Release|Any CPU
	EndGlobalSection
	GlobalSection(ProjectConfigurationPlatforms) = postSolution
		{2F33D421-80CB-4641-B7A9-C5BB35C8B0D2}.Debug|Any CPU.ActiveCfg = Debug|Any CPU
		{2F33D421-80CB-4641-B7A9-C5BB35C8B0D2}.Debug|Any CPU.Build.0 = Debug|Any CPU
		{2F33D421-80CB-4641-B7A9-C5BB35C8B0D2}.Release|Any CPU.ActiveCfg = Release|Any CPU
		{2F33D421-80CB-4641-B7A9-C5BB35C8B0D2}.Release|Any CPU.Build.0 = Release|Any CPU
	EndGlobalSection
	GlobalSection(SolutionProperties) = preSolution
		HideSolutionNode = FALSE
	EndGlobalSection
	GlobalSection(ExtensibilityGlobals) = postSolution
		SolutionGuid = {D2FDAA51-EE0A-480E-8AFE-EABA7534FC4D}
	EndGlobalSection
EndGlobal
